
Microsoft Visual Studio Solution File, Format Version 12.00
# Visual Studio Version 17
VisualStudioVersion = 17.7.34202.233
MinimumVisualStudioVersion = 10.0.40219.1
Project("{FAE04EC0-301F-11D3-BF4B-00C04F79EFBC}") = "EventLinkConsoleApplication", "EventLinkConsoleApplication\EventLinkConsoleApplication.csproj", "{C484DCF2-6CE3-4328-B55A-FDAFB9993594}"
EndProject
Global
	GlobalSection(SolutionConfigurationPlatforms) = preSolution
		Debug|Any CPU = Debug|Any CPU
		Release|Any CPU = Release|Any CPU
	EndGlobalSection
	GlobalSection(ProjectConfigurationPlatforms) = postSolution
		{C484DCF2-6CE3-4328-B55A-FDAFB9993594}.Debug|Any CPU.ActiveCfg = Debug|Any CPU
		{C484DCF2-6CE3-4328-B55A-FDAFB9993594}.Debug|Any CPU.Build.0 = Debug|Any CPU
		{C484DCF2-6CE3-4328-B55A-FDAFB9993594}.Release|Any CPU.ActiveCfg = Release|Any CPU
		{C484DCF2-6CE3-4328-B55A-FDAFB9993594}.Release|Any CPU.Build.0 = Release|Any CPU
	EndGlobalSection
	GlobalSection(SolutionProperties) = preSolution
		HideSolutionNode = FALSE
	EndGlobalSection
	GlobalSection(ExtensibilityGlobals) = postSolution
		SolutionGuid = {1B7405F1-E8F1-4663-BC4F-C344074A1506}
	EndGlobalSection
EndGlobal
